{
  "name": "@olympus-ds/component-styles",
  "version": "0.0.1",
  "lockfileVersion": 2,
  "requires": true,
  "packages": {
    "": {
      "name": "@olympus-ds/component-styles",
      "version": "0.0.1",
      "dependencies": {
        "olympus-ds-design-tokens": "^0.0.8"
      }
    },
    "node_modules/olympus-ds-design-tokens": {
      "version": "0.0.8",
      "resolved": "https://registry.npmjs.org/olympus-ds-design-tokens/-/olympus-ds-design-tokens-0.0.8.tgz",
      "integrity": "sha512-8CRQpCXTrwoI25h5Vio72ke91JeyDqMQazr0CHZjHINYnHrnxX6S+A5h51UL6aMFavQ8cwEKGudJDCPGmFANFA=="
    }
  },
  "dependencies": {
    "olympus-ds-design-tokens": {
      "version": "0.0.8",
      "resolved": "https://registry.npmjs.org/olympus-ds-design-tokens/-/olympus-ds-design-tokens-0.0.8.tgz",
      "integrity": "sha512-8CRQpCXTrwoI25h5Vio72ke91JeyDqMQazr0CHZjHINYnHrnxX6S+A5h51UL6aMFavQ8cwEKGudJDCPGmFANFA=="
    }
  }
}
