{
  "name": "@olympus-ds/web-components",
  "version": "0.0.1",
  "lockfileVersion": 2,
  "requires": true,
  "packages": {
    "": {
      "name": "@olympus-ds/web-components",
      "version": "0.0.1",
      "dependencies": {
        "@olympus-ds/component-styles": "file:../../dist/libs/component-styles/olympus-ds-component-styles-0.0.1.tgz"
      }
    },
    "node_modules/@olympus-ds/component-styles": {
      "version": "0.0.1",
      "resolved": "file:../../dist/libs/component-styles/olympus-ds-component-styles-0.0.1.tgz",
      "integrity": "sha512-ged4USMcyKzRcp6nF7G9K/hzljZos1/xpZoj3hPVsTvrYmZLqKBwc95e/TJfDY86xMDhGE0EMP19Wo6Qb8QIKA==",
      "dependencies": {
        "olympus-ds-design-tokens": "^0.0.8"
      }
    },
    "node_modules/olympus-ds-design-tokens": {
      "version": "0.0.8",
      "resolved": "https://registry.npmjs.org/olympus-ds-design-tokens/-/olympus-ds-design-tokens-0.0.8.tgz",
      "integrity": "sha512-8CRQpCXTrwoI25h5Vio72ke91JeyDqMQazr0CHZjHINYnHrnxX6S+A5h51UL6aMFavQ8cwEKGudJDCPGmFANFA=="
    }
  },
  "dependencies": {
    "@olympus-ds/component-styles": {
      "version": "file:../../dist/libs/component-styles/olympus-ds-component-styles-0.0.1.tgz",
      "integrity": "sha512-ged4USMcyKzRcp6nF7G9K/hzljZos1/xpZoj3hPVsTvrYmZLqKBwc95e/TJfDY86xMDhGE0EMP19Wo6Qb8QIKA==",
      "requires": {
        "olympus-ds-design-tokens": "^0.0.8"
      }
    },
    "olympus-ds-design-tokens": {
      "version": "0.0.8",
      "resolved": "https://registry.npmjs.org/olympus-ds-design-tokens/-/olympus-ds-design-tokens-0.0.8.tgz",
      "integrity": "sha512-8CRQpCXTrwoI25h5Vio72ke91JeyDqMQazr0CHZjHINYnHrnxX6S+A5h51UL6aMFavQ8cwEKGudJDCPGmFANFA=="
    }
  }
}
